{
  "name": "@thunderid/wayfinder-sample",
  "version": "0.43.0",
  "lockfileVersion": 3,
  "requires": true,
  "packages": {
    "": {
      "name": "@thunderid/wayfinder-sample",
      "version": "0.43.0",
      "workspaces": [
        "backend",
        "smtp-server",
        "ai-agent",
        "frontend"
      ],
      "devDependencies": {
        "concurrently": "10.0.3"
      }
    },
    "../../../node_modules/.pnpm/@langchain+anthropic@1.4.0_@langchain+core@1.1.48_@opentelemetry+api@1.9.0_ws@8.20.1_/node_modules/@langchain/anthropic": {
      "version": "1.4.0",
      "license": "MIT",
      "dependencies": {
        "@anthropic-ai/sdk": "^0.95.1",
        "zod": "^3.25.76 || ^4"
      },
      "devDependencies": {
        "@anthropic-ai/vertex-sdk": "^0.14.4",
        "@cfworker/json-schema": "^4.1.1",
        "@langchain/core": "^1.1.47",
        "@langchain/standard-tests": "0.0.23",
        "@langchain/tsconfig": "0.0.1",
        "@tsconfig/recommended": "^1.0.10",
        "@vitest/coverage-v8": "^3.2.4",
        "dotenv": "^17.4.0",
        "dpdm": "^3.14.0",
        "rimraf": "^6.1.3",
        "typescript": "~5.8.3",
        "vitest": "^4.1.2"
      },
      "engines": {
        "node": ">=20"
      },
      "peerDependencies": {
        "@langchain/core": "^1.1.47"
      }
    },
    "../../../node_modules/.pnpm/@langchain+core@1.1.48_@opentelemetry+api@1.9.0_ws@8.20.1/node_modules/@langchain/core": {
      "version": "1.1.48",
      "license": "MIT",
      "dependencies": {
        "@cfworker/json-schema": "^4.0.2",
        "@standard-schema/spec": "^1.1.0",
        "js-tiktoken": "^1.0.12",
        "langsmith": ">=0.5.0 <1.0.0",
        "mustache": "^4.2.0",
        "p-queue": "^6.6.2",
        "zod": "^3.25.76 || ^4"
      },
      "devDependencies": {
        "@langchain/tsconfig": "0.0.1",
        "@types/mustache": "^4",
        "@types/node": "^25.5.0",
        "dotenv": "^17.4.0",
        "dpdm": "^3.14.0",
        "ml-matrix": "^6.10.4",
        "rimraf": "^6.1.3",
        "typescript": "~5.8.3",
        "vitest": "^4.1.2",
        "web-streams-polyfill": "^4.2.0"
      },
      "engines": {
        "node": ">=20"
      }
    },
    "../../../node_modules/.pnpm/@langchain+google-genai@2.1.31_@langchain+core@1.1.48_@opentelemetry+api@1.9.0_ws@8.20.1_/node_modules/@langchain/google-genai": {
      "version": "2.1.31",
      "license": "MIT",
      "dependencies": {
        "@google/generative-ai": "^0.24.1"
      },
      "devDependencies": {
        "@langchain/core": "^1.1.47",
        "@langchain/standard-tests": "0.0.23",
        "@langchain/tsconfig": "0.0.1",
        "@tsconfig/recommended": "^1.0.3",
        "dotenv": "^17.4.0",
        "dpdm": "^3.14.0",
        "hnswlib-node": "^3.0.0",
        "typescript": "~5.8.3",
        "vitest": "^4.1.2",
        "zod": "^3.25.76"
      },
      "engines": {
        "node": ">=20"
      },
      "peerDependencies": {
        "@langchain/core": "^1.1.47"
      }
    },
    "../../../node_modules/.pnpm/@langchain+langgraph@1.3.7_@langchain+core@1.1.48_@opentelemetry+api@1.9.0_ws@8.20.1__r_1fe097d68bead87b3e68fcb56944d01b/node_modules/@langchain/langgraph": {
      "version": "1.3.7",
      "license": "MIT",
      "dependencies": {
        "@langchain/langgraph-checkpoint": "^1.0.4",
        "@langchain/langgraph-sdk": "~1.9.19",
        "@langchain/protocol": "^0.0.16",
        "@standard-schema/spec": "1.1.0",
        "uuid": "^14.0.0"
      },
      "devDependencies": {
        "@langchain/anthropic": "^1.4.0",
        "@langchain/core": "^1.1.48",
        "@langchain/langgraph-checkpoint-postgres": "1.0.2",
        "@langchain/langgraph-checkpoint-sqlite": "1.0.2",
        "@langchain/openai": "^1.4.7",
        "@langchain/scripts": ">=0.1.3 <0.2.0",
        "@langchain/tavily": "^1.0.0",
        "@swc/core": "^1.3.90",
        "@testing-library/dom": "^10.4.0",
        "@tsconfig/recommended": "^1.0.3",
        "@types/pg": "^8",
        "@types/uuid": "^10",
        "@vitest/browser": "^4.1.8",
        "@vitest/browser-playwright": "^4.1.8",
        "@xenova/transformers": "^2.17.2",
        "cheerio": "1.0.0-rc.12",
        "dotenv": "^16.3.1",
        "dpdm": "^3.12.0",
        "langchain": "^1.4.4",
        "pg": "^8.13.0",
        "playwright": "^1.55.1",
        "rollup": "^4.37.0",
        "tsx": "^4.19.3",
        "typescript": "^4.9.5 || ^5.4.5",
        "vite-plugin-node-polyfills": "^0.28.0",
        "vitest": "^4.1.0",
        "zod-to-json-schema": "^3.22.4"
      },
      "engines": {
        "node": ">=18"
      },
      "peerDependencies": {
        "@langchain/core": "^1.1.48",
        "zod": "^3.25.32 || ^4.2.0",
        "zod-to-json-schema": "^3.x"
      },
      "peerDependenciesMeta": {
        "zod-to-json-schema": {
          "optional": true
        }
      }
    },
    "../../../node_modules/.pnpm/@langchain+mcp-adapters@1.1.3_@cfworker+json-schema@4.1.1_@langchain+core@1.1.48_@opent_91e86cee5362aa312a623e573b520093/node_modules/@langchain/mcp-adapters": {
      "version": "1.1.3",
      "license": "MIT",
      "dependencies": {
        "@modelcontextprotocol/sdk": "^1.26.0",
        "debug": "^4.4.3",
        "zod": "^3.25.76 || ^4"
      },
      "devDependencies": {
        "@eslint/js": "^9.36.0",
        "@langchain/core": "^1.1.23",
        "@langchain/eslint": "0.1.1",
        "@langchain/langgraph": "^1.0.0",
        "@langchain/openai": "1.2.7",
        "@langchain/tsconfig": "0.0.1",
        "@tsconfig/recommended": "^1.0.10",
        "@types/debug": "^4.1.12",
        "@types/express": "^5.0.6",
        "@types/node": "^22.18.8",
        "@vitest/coverage-v8": "^3.2.4",
        "dotenv": "^16.6.1",
        "dpdm": "^3.14.0",
        "eslint": "^9.36.0",
        "eventsource": "^4.1.0",
        "express": "^5.2.1",
        "langchain": "1.2.22",
        "npm-run-all2": "^8.0.4",
        "prettier": "^3.6.2",
        "ts-node": "^10.9.2",
        "typescript": "~5.8.3",
        "typescript-eslint": "^8.45.0",
        "vitest": "^3.2.4"
      },
      "engines": {
        "node": ">=20.10.0"
      },
      "optionalDependencies": {
        "extended-eventsource": "^1.7.0"
      },
      "peerDependencies": {
        "@langchain/core": "^1.0.0",
        "@langchain/langgraph": "^1.0.0"
      },
      "peerDependenciesMeta": {
        "@langchain/core": {
          "optional": false
        },
        "@langchain/langgraph": {
          "optional": false
        }
      }
    },
    "../../../node_modules/.pnpm/@modelcontextprotocol+sdk@1.29.0_@cfworker+json-schema@4.1.1_zod@3.25.76/node_modules/@modelcontextprotocol/sdk": {
      "version": "1.29.0",
      "license": "MIT",
      "dependencies": {
        "@hono/node-server": "^1.19.9",
        "ajv": "^8.17.1",
        "ajv-formats": "^3.0.1",
        "content-type": "^1.0.5",
        "cors": "^2.8.5",
        "cross-spawn": "^7.0.5",
        "eventsource": "^3.0.2",
        "eventsource-parser": "^3.0.0",
        "express": "^5.2.1",
        "express-rate-limit": "^8.2.1",
        "hono": "^4.11.4",
        "jose": "^6.1.3",
        "json-schema-typed": "^8.0.2",
        "pkce-challenge": "^5.0.0",
        "raw-body": "^3.0.0",
        "zod": "^3.25 || ^4.0",
        "zod-to-json-schema": "^3.25.1"
      },
      "devDependencies": {
        "@cfworker/json-schema": "^4.1.1",
        "@eslint/js": "^9.39.1",
        "@modelcontextprotocol/conformance": "^0.1.14",
        "@types/content-type": "^1.1.8",
        "@types/cors": "^2.8.17",
        "@types/cross-spawn": "^6.0.6",
        "@types/eventsource": "^1.1.15",
        "@types/express": "^5.0.0",
        "@types/express-serve-static-core": "^5.1.0",
        "@types/node": "^22.12.0",
        "@types/supertest": "^6.0.2",
        "@types/ws": "^8.5.12",
        "@typescript/native-preview": "^7.0.0-dev.20251103.1",
        "eslint": "^9.8.0",
        "eslint-config-prettier": "^10.1.8",
        "eslint-plugin-n": "^17.23.1",
        "prettier": "3.6.2",
        "supertest": "^7.0.0",
        "tsx": "^4.16.5",
        "typescript": "^5.5.4",
        "typescript-eslint": "^8.48.1",
        "vitest": "^4.0.8",
        "ws": "^8.18.0"
      },
      "engines": {
        "node": ">=18"
      },
      "peerDependencies": {
        "@cfworker/json-schema": "^4.1.1",
        "zod": "^3.25 || ^4.0"
      },
      "peerDependenciesMeta": {
        "@cfworker/json-schema": {
          "optional": true
        },
        "zod": {
          "optional": false
        }
      }
    },
    "../../../node_modules/.pnpm/@thunderid+javascript@0.0.5/node_modules/@thunderid/javascript": {
      "version": "0.0.5",
      "license": "Apache-2.0",
      "dependencies": {
        "jose": "5.2.0",
        "tslib": "2.8.1"
      },
      "devDependencies": {
        "@thunderid/eslint-plugin": "^0.0.0",
        "@thunderid/prettier-config": "^0.0.0",
        "@types/node": "24.7.2",
        "eslint": "9.39.4",
        "prettier": "3.6.2",
        "rimraf": "6.1.3",
        "rolldown": "1.0.0-beta.45",
        "typescript": "5.9.3",
        "vitest": "4.1.3"
      }
    },
    "../../../node_modules/.pnpm/@thunderid+react@0.0.5_@types+react@19.2.14_react-dom@19.2.3_react@19.2.3__react@19.2.3/node_modules/@thunderid/react": {
      "version": "0.0.5",
      "license": "Apache-2.0",
      "dependencies": {
        "@thunderid/browser": "^0.0.5",
        "tslib": "2.8.1"
      },
      "devDependencies": {
        "@emotion/css": "11.13.5",
        "@floating-ui/react": "0.27.12",
        "@testing-library/react": "16.3.0",
        "@thunderid/eslint-plugin": "^0.0.0",
        "@thunderid/prettier-config": "^0.0.0",
        "@types/node": "24.7.2",
        "@types/react": "19.2.14",
        "@types/react-dom": "19.2.3",
        "dompurify": "3.3.3",
        "eslint": "9.39.4",
        "prettier": "3.6.2",
        "react": "19.2.3",
        "react-dom": "19.2.3",
        "rimraf": "6.1.3",
        "rolldown": "1.0.0-beta.45",
        "typescript": "5.9.3",
        "vitest": "4.1.3"
      },
      "peerDependencies": {
        "@types/react": ">=16.8.0",
        "react": ">=16.8.0",
        "react-dom": ">=16.8.0"
      }
    },
    "../../../node_modules/.pnpm/@types+node@22.15.29/node_modules/@types/node": {
      "version": "22.15.29",
      "dev": true,
      "license": "MIT",
      "dependencies": {
        "undici-types": "~6.21.0"
      }
    },
    "../../../node_modules/.pnpm/@vitejs+plugin-react@5.0.4_rolldown-vite@7.1.14_@emnapi+core@1.10.0_@emnapi+runtime@1.1_7efcb7cb913f8df9e92cd73290793224/node_modules/@vitejs/plugin-react": {
      "version": "5.0.4",
      "dev": true,
      "license": "MIT",
      "dependencies": {
        "@babel/core": "^7.28.4",
        "@babel/plugin-transform-react-jsx-self": "^7.27.1",
        "@babel/plugin-transform-react-jsx-source": "^7.27.1",
        "@rolldown/pluginutils": "1.0.0-beta.38",
        "@types/babel__core": "^7.20.5",
        "react-refresh": "^0.17.0"
      },
      "devDependencies": {
        "@vitejs/react-common": "workspace:*",
        "babel-plugin-react-compiler": "19.1.0-rc.3",
        "react": "^19.1.1",
        "react-dom": "^19.1.1",
        "rolldown": "1.0.0-beta.38",
        "tsdown": "^0.15.4",
        "vitest": "^3.2.4"
      },
      "engines": {
        "node": "^20.19.0 || >=22.12.0"
      },
      "peerDependencies": {
        "vite": "^4.2.0 || ^5.0.0 || ^6.0.0 || ^7.0.0"
      }
    },
    "../../../node_modules/.pnpm/concurrently@10.0.3/node_modules/concurrently": {
      "version": "10.0.3",
      "dev": true,
      "license": "MIT",
      "dependencies": {
        "chalk": "5.6.2",
        "rxjs": "7.8.2",
        "shell-quote": "1.8.4",
        "supports-color": "10.2.2",
        "tree-kill": "1.2.2",
        "yargs": "18.0.0"
      },
      "bin": {
        "conc": "dist/bin/index.js",
        "concurrently": "dist/bin/index.js"
      },
      "devDependencies": {
        "@eslint/js": "^10.0.1",
        "@hirez_io/observer-spy": "^2.2.0",
        "@types/node": "^20.19.41",
        "@types/shell-quote": "^1.7.5",
        "@types/yargs": "^17.0.35",
        "@vitest/coverage-v8": "^4.1.6",
        "@vitest/eslint-plugin": "^1.6.17",
        "ctrlc-wrapper": "^0.0.5",
        "eslint": "^10.4.0",
        "eslint-config-flat-gitignore": "^2.3.0",
        "eslint-config-prettier": "^10.1.8",
        "eslint-plugin-import-lite": "^0.6.0",
        "eslint-plugin-prettier": "^5.5.5",
        "eslint-plugin-simple-import-sort": "^13.0.0",
        "globals": "^17.6.0",
        "husky": "^9.1.7",
        "lint-staged": "^17.0.5",
        "prettier": "^3.8.3",
        "safe-publish-latest": "^2.0.0",
        "string-argv": "^0.3.2",
        "typescript": "~5.9.3",
        "typescript-eslint": "^8.59.3",
        "vitest": "^4.1.6"
      },
      "engines": {
        "node": ">=22"
      },
      "funding": {
        "url": "https://github.com/open-cli-tools/concurrently?sponsor=1"
      }
    },
    "../../../node_modules/.pnpm/dotenv@16.6.1/node_modules/dotenv": {
      "version": "16.6.1",
      "license": "BSD-2-Clause",
      "devDependencies": {
        "@types/node": "^18.11.3",
        "decache": "^4.6.2",
        "sinon": "^14.0.1",
        "standard": "^17.0.0",
        "standard-version": "^9.5.0",
        "tap": "^19.2.0",
        "typescript": "^4.8.4"
      },
      "engines": {
        "node": ">=12"
      },
      "funding": {
        "url": "https://dotenvx.com"
      }
    },
    "../../../node_modules/.pnpm/lucide-react@0.511.0_react@19.2.3/node_modules/lucide-react": {
      "version": "0.511.0",
      "license": "ISC",
      "devDependencies": {
        "@lucide/build-icons": "1.1.0",
        "@lucide/rollup-plugins": "1.0.0",
        "@lucide/shared": "1.0.0",
        "@testing-library/jest-dom": "^6.1.6",
        "@testing-library/react": "^14.1.2",
        "@types/react": "^18.2.37",
        "@vitejs/plugin-react": "^4.3.4",
        "jest-serializer-html": "^7.1.0",
        "react": "18.2.0",
        "react-dom": "18.2.0",
        "rollup": "^4.22.4",
        "rollup-plugin-dts": "^6.1.0",
        "rollup-plugin-preserve-directives": "^0.4.0",
        "typescript": "^5.8.3",
        "vite": "^6.3.2",
        "vitest": "^3.1.2"
      },
      "peerDependencies": {
        "react": "^16.5.1 || ^17.0.0 || ^18.0.0 || ^19.0.0"
      }
    },
    "../../../node_modules/.pnpm/react-dom@19.2.3_react@19.2.3/node_modules/react-dom": {
      "version": "19.2.3",
      "license": "MIT",
      "dependencies": {
        "scheduler": "^0.27.0"
      },
      "peerDependencies": {
        "react": "^19.2.3"
      }
    },
    "../../../node_modules/.pnpm/react-router-dom@6.30.4_react-dom@19.2.3_react@19.2.3__react@19.2.3/node_modules/react-router-dom": {
      "version": "6.30.4",
      "license": "MIT",
      "dependencies": {
        "@remix-run/router": "1.23.3",
        "react-router": "6.30.4"
      },
      "devDependencies": {
        "react": "^18.2.0",
        "react-dom": "^18.2.0"
      },
      "engines": {
        "node": ">=14.0.0"
      },
      "peerDependencies": {
        "react": ">=16.8",
        "react-dom": ">=16.8"
      }
    },
    "../../../node_modules/.pnpm/react@19.2.3/node_modules/react": {
      "version": "19.2.3",
      "license": "MIT",
      "engines": {
        "node": ">=0.10.0"
      }
    },
    "../../../node_modules/.pnpm/rolldown-vite@7.1.14_@emnapi+core@1.10.0_@emnapi+runtime@1.10.0_@types+node@25.0.2_esbu_095609326a8ad50537fd8013074e2bcc/node_modules/rolldown-vite": {
      "version": "7.1.14",
      "dev": true,
      "license": "MIT",
      "dependencies": {
        "@oxc-project/runtime": "0.92.0",
        "fdir": "^6.5.0",
        "lightningcss": "^1.30.1",
        "picomatch": "^4.0.3",
        "postcss": "^8.5.6",
        "rolldown": "1.0.0-beta.41",
        "tinyglobby": "^0.2.15"
      },
      "bin": {
        "vite": "bin/vite.js"
      },
      "devDependencies": {
        "@babel/parser": "^7.28.4",
        "@jridgewell/remapping": "^2.3.5",
        "@jridgewell/trace-mapping": "^0.3.31",
        "@oxc-project/types": "0.93.0",
        "@polka/compression": "^1.0.0-next.25",
        "@rolldown/pluginutils": "^1.0.0-beta.41",
        "@rollup/plugin-alias": "^5.1.1",
        "@rollup/plugin-commonjs": "^28.0.6",
        "@rollup/plugin-dynamic-import-vars": "2.1.4",
        "@rollup/pluginutils": "^5.3.0",
        "@types/escape-html": "^1.0.4",
        "@types/pnpapi": "^0.0.5",
        "artichokie": "^0.4.0",
        "baseline-browser-mapping": "^2.8.6",
        "cac": "^6.7.14",
        "chokidar": "^3.6.0",
        "connect": "^3.7.0",
        "convert-source-map": "^2.0.0",
        "cors": "^2.8.5",
        "cross-spawn": "^7.0.6",
        "debug": "^4.4.3",
        "dep-types": "link:./src/types",
        "dotenv": "^17.2.2",
        "dotenv-expand": "^12.0.3",
        "es-module-lexer": "^1.7.0",
        "esbuild": "^0.25.0",
        "escape-html": "^1.0.3",
        "estree-walker": "^3.0.3",
        "etag": "^1.8.1",
        "host-validation-middleware": "^0.1.1",
        "http-proxy-3": "^1.21.0",
        "launch-editor-middleware": "^2.11.1",
        "magic-string": "^0.30.19",
        "mlly": "^1.8.0",
        "mrmime": "^2.0.1",
        "nanoid": "^5.1.5",
        "open": "^10.2.0",
        "parse5": "^8.0.0",
        "pathe": "^2.0.3",
        "periscopic": "^4.0.2",
        "picocolors": "^1.1.1",
        "postcss-import": "^16.1.1",
        "postcss-load-config": "^6.0.1",
        "postcss-modules": "^6.0.1",
        "premove": "^4.0.0",
        "resolve.exports": "^2.0.3",
        "rolldown-plugin-dts": "^0.16.8",
        "rollup": "^4.43.0",
        "rollup-plugin-license": "^3.6.0",
        "sass": "^1.93.0",
        "sass-embedded": "^1.93.0",
        "sirv": "^3.0.2",
        "strip-literal": "^3.0.0",
        "terser": "^5.44.0",
        "tsconfck": "^3.1.6",
        "types": "link:./types",
        "ufo": "^1.6.1",
        "ws": "^8.18.3"
      },
      "engines": {
        "node": "^20.19.0 || >=22.12.0"
      },
      "funding": {
        "url": "https://github.com/vitejs/vite?sponsor=1"
      },
      "optionalDependencies": {
        "fsevents": "~2.3.3"
      },
      "peerDependencies": {
        "@types/node": "^20.19.0 || >=22.12.0",
        "esbuild": "^0.25.0",
        "jiti": ">=1.21.0",
        "less": "^4.0.0",
        "sass": "^1.70.0",
        "sass-embedded": "^1.70.0",
        "stylus": ">=0.54.8",
        "sugarss": "^5.0.0",
        "terser": "^5.16.0",
        "tsx": "^4.8.1",
        "yaml": "^2.4.2"
      },
      "peerDependenciesMeta": {
        "@types/node": {
          "optional": true
        },
        "esbuild": {
          "optional": true
        },
        "jiti": {
          "optional": true
        },
        "less": {
          "optional": true
        },
        "sass": {
          "optional": true
        },
        "sass-embedded": {
          "optional": true
        },
        "stylus": {
          "optional": true
        },
        "sugarss": {
          "optional": true
        },
        "terser": {
          "optional": true
        },
        "tsx": {
          "optional": true
        },
        "yaml": {
          "optional": true
        }
      }
    },
    "../../../node_modules/.pnpm/tsx@4.22.4/node_modules/tsx": {
      "version": "4.22.4",
      "license": "MIT",
      "dependencies": {
        "esbuild": "~0.28.0"
      },
      "bin": {
        "tsx": "dist/cli.mjs"
      },
      "engines": {
        "node": ">=18.0.0"
      },
      "optionalDependencies": {
        "fsevents": "~2.3.3"
      }
    },
    "../../../node_modules/.pnpm/zod@3.25.76/node_modules/zod": {
      "version": "3.25.76",
      "license": "MIT",
      "funding": {
        "url": "https://github.com/sponsors/colinhacks"
      }
    },
    "ai-agent": {
      "version": "1.0.0",
      "license": "ISC",
      "dependencies": {
        "@langchain/anthropic": "^1.3.0",
        "@langchain/core": "^1.1.0",
        "@langchain/google-genai": "^2.1.0",
        "@langchain/langgraph": "^1.3.0",
        "@langchain/mcp-adapters": "^1.1.0",
        "@thunderid/javascript": "0.0.5",
        "dotenv": "^16.5.0",
        "tsx": "^4.19.4"
      },
      "devDependencies": {
        "@types/node": "^22.15.19"
      }
    },
    "ai-agent/node_modules/@langchain/anthropic": {
      "resolved": "../../../node_modules/.pnpm/@langchain+anthropic@1.4.0_@langchain+core@1.1.48_@opentelemetry+api@1.9.0_ws@8.20.1_/node_modules/@langchain/anthropic",
      "link": true
    },
    "ai-agent/node_modules/@langchain/core": {
      "resolved": "../../../node_modules/.pnpm/@langchain+core@1.1.48_@opentelemetry+api@1.9.0_ws@8.20.1/node_modules/@langchain/core",
      "link": true
    },
    "ai-agent/node_modules/@langchain/google-genai": {
      "resolved": "../../../node_modules/.pnpm/@langchain+google-genai@2.1.31_@langchain+core@1.1.48_@opentelemetry+api@1.9.0_ws@8.20.1_/node_modules/@langchain/google-genai",
      "link": true
    },
    "ai-agent/node_modules/@langchain/langgraph": {
      "resolved": "../../../node_modules/.pnpm/@langchain+langgraph@1.3.7_@langchain+core@1.1.48_@opentelemetry+api@1.9.0_ws@8.20.1__r_1fe097d68bead87b3e68fcb56944d01b/node_modules/@langchain/langgraph",
      "link": true
    },
    "ai-agent/node_modules/@langchain/mcp-adapters": {
      "resolved": "../../../node_modules/.pnpm/@langchain+mcp-adapters@1.1.3_@cfworker+json-schema@4.1.1_@langchain+core@1.1.48_@opent_91e86cee5362aa312a623e573b520093/node_modules/@langchain/mcp-adapters",
      "link": true
    },
    "ai-agent/node_modules/@thunderid/javascript": {
      "resolved": "../../../node_modules/.pnpm/@thunderid+javascript@0.0.5/node_modules/@thunderid/javascript",
      "link": true
    },
    "ai-agent/node_modules/@types/node": {
      "resolved": "../../../node_modules/.pnpm/@types+node@22.15.29/node_modules/@types/node",
      "link": true
    },
    "ai-agent/node_modules/dotenv": {
      "resolved": "../../../node_modules/.pnpm/dotenv@16.6.1/node_modules/dotenv",
      "link": true
    },
    "ai-agent/node_modules/tsx": {
      "resolved": "../../../node_modules/.pnpm/tsx@4.22.4/node_modules/tsx",
      "link": true
    },
    "backend": {
      "name": "wayfinder-travel-api",
      "version": "0.1.0",
      "dependencies": {
        "@modelcontextprotocol/sdk": "^1.17.4",
        "dotenv": "^16.5.0",
        "zod": "^3.25.76"
      },
      "engines": {
        "node": ">=22.13.0"
      }
    },
    "backend/node_modules/@modelcontextprotocol/sdk": {
      "resolved": "../../../node_modules/.pnpm/@modelcontextprotocol+sdk@1.29.0_@cfworker+json-schema@4.1.1_zod@3.25.76/node_modules/@modelcontextprotocol/sdk",
      "link": true
    },
    "backend/node_modules/dotenv": {
      "resolved": "../../../node_modules/.pnpm/dotenv@16.6.1/node_modules/dotenv",
      "link": true
    },
    "backend/node_modules/zod": {
      "resolved": "../../../node_modules/.pnpm/zod@3.25.76/node_modules/zod",
      "link": true
    },
    "frontend": {
      "name": "thunderid-wayfinder-sample",
      "version": "0.1.0",
      "dependencies": {
        "@thunderid/react": "0.0.5",
        "lucide-react": "^0.511.0",
        "react": "^19.1.0",
        "react-dom": "^19.1.0",
        "react-router-dom": "6.30.4"
      },
      "devDependencies": {
        "@vitejs/plugin-react": "^5.0.4",
        "vite": "npm:rolldown-vite@^7.1.14"
      }
    },
    "frontend/node_modules/@thunderid/react": {
      "resolved": "../../../node_modules/.pnpm/@thunderid+react@0.0.5_@types+react@19.2.14_react-dom@19.2.3_react@19.2.3__react@19.2.3/node_modules/@thunderid/react",
      "link": true
    },
    "frontend/node_modules/@vitejs/plugin-react": {
      "resolved": "../../../node_modules/.pnpm/@vitejs+plugin-react@5.0.4_rolldown-vite@7.1.14_@emnapi+core@1.10.0_@emnapi+runtime@1.1_7efcb7cb913f8df9e92cd73290793224/node_modules/@vitejs/plugin-react",
      "link": true
    },
    "frontend/node_modules/lucide-react": {
      "resolved": "../../../node_modules/.pnpm/lucide-react@0.511.0_react@19.2.3/node_modules/lucide-react",
      "link": true
    },
    "frontend/node_modules/react": {
      "resolved": "../../../node_modules/.pnpm/react@19.2.3/node_modules/react",
      "link": true
    },
    "frontend/node_modules/react-dom": {
      "resolved": "../../../node_modules/.pnpm/react-dom@19.2.3_react@19.2.3/node_modules/react-dom",
      "link": true
    },
    "frontend/node_modules/react-router-dom": {
      "resolved": "../../../node_modules/.pnpm/react-router-dom@6.30.4_react-dom@19.2.3_react@19.2.3__react@19.2.3/node_modules/react-router-dom",
      "link": true
    },
    "frontend/node_modules/vite": {
      "resolved": "../../../node_modules/.pnpm/rolldown-vite@7.1.14_@emnapi+core@1.10.0_@emnapi+runtime@1.10.0_@types+node@25.0.2_esbu_095609326a8ad50537fd8013074e2bcc/node_modules/rolldown-vite",
      "link": true
    },
    "node_modules/@thunderid/wayfinder-smtp-server": {
      "resolved": "smtp-server",
      "link": true
    },
    "node_modules/ai-agent": {
      "resolved": "ai-agent",
      "link": true
    },
    "node_modules/concurrently": {
      "resolved": "../../../node_modules/.pnpm/concurrently@10.0.3/node_modules/concurrently",
      "link": true
    },
    "node_modules/thunderid-wayfinder-sample": {
      "resolved": "frontend",
      "link": true
    },
    "node_modules/wayfinder-travel-api": {
      "resolved": "backend",
      "link": true
    },
    "smtp-server": {
      "name": "@thunderid/wayfinder-smtp-server",
      "version": "0.1.0",
      "dependencies": {
        "dotenv": "^16.5.0",
        "react": "^19.1.0",
        "react-dom": "^19.1.0"
      },
      "devDependencies": {
        "@vitejs/plugin-react": "^5.0.4",
        "vite": "npm:rolldown-vite@^7.1.14"
      },
      "engines": {
        "node": ">=22.13.0"
      }
    },
    "smtp-server/node_modules/@vitejs/plugin-react": {
      "resolved": "../../../node_modules/.pnpm/@vitejs+plugin-react@5.0.4_rolldown-vite@7.1.14_@emnapi+core@1.10.0_@emnapi+runtime@1.1_7efcb7cb913f8df9e92cd73290793224/node_modules/@vitejs/plugin-react",
      "link": true
    },
    "smtp-server/node_modules/dotenv": {
      "resolved": "../../../node_modules/.pnpm/dotenv@16.6.1/node_modules/dotenv",
      "link": true
    },
    "smtp-server/node_modules/react": {
      "resolved": "../../../node_modules/.pnpm/react@19.2.3/node_modules/react",
      "link": true
    },
    "smtp-server/node_modules/react-dom": {
      "resolved": "../../../node_modules/.pnpm/react-dom@19.2.3_react@19.2.3/node_modules/react-dom",
      "link": true
    },
    "smtp-server/node_modules/vite": {
      "resolved": "../../../node_modules/.pnpm/rolldown-vite@7.1.14_@emnapi+core@1.10.0_@emnapi+runtime@1.10.0_@types+node@25.0.2_esbu_095609326a8ad50537fd8013074e2bcc/node_modules/rolldown-vite",
      "link": true
    }
  }
}
